
Microsoft Visual Studio Solution File, Format Version 12.00
# Visual Studio Version 17
VisualStudioVersion = 17.14.36518.9 d17.14
MinimumVisualStudioVersion = 10.0.40219.1
Project("{FAE04EC0-301F-11D3-BF4B-00C04F79EFBC}") = "TryCatch", "TryCatch\TryCatch.csproj", "{3E5F6D50-9C53-4E4B-8B09-BA2702EC7981}"
EndProject
Global
	GlobalSection(SolutionConfigurationPlatforms) = preSolution
		Debug|Any CPU = Debug|Any CPU
		Release|Any CPU = Release|Any CPU
	EndGlobalSection
	GlobalSection(ProjectConfigurationPlatforms) = postSolution
		{3E5F6D50-9C53-4E4B-8B09-BA2702EC7981}.Debug|Any CPU.ActiveCfg = Debug|Any CPU
		{3E5F6D50-9C53-4E4B-8B09-BA2702EC7981}.Debug|Any CPU.Build.0 = Debug|Any CPU
		{3E5F6D50-9C53-4E4B-8B09-BA2702EC7981}.Release|Any CPU.ActiveCfg = Release|Any CPU
		{3E5F6D50-9C53-4E4B-8B09-BA2702EC7981}.Release|Any CPU.Build.0 = Release|Any CPU
	EndGlobalSection
	GlobalSection(SolutionProperties) = preSolution
		HideSolutionNode = FALSE
	EndGlobalSection
	GlobalSection(ExtensibilityGlobals) = postSolution
		SolutionGuid = {611C775D-67B6-4921-BE3D-70C09E607DA4}
	EndGlobalSection
EndGlobal
